<Solution>
  <Project Path="src/Alarmageddon.Android/Alarmageddon.Android.csproj">
    <Deploy />
  </Project>
  <Project Path="src/Alarmageddon.Browser/Alarmageddon.Browser.csproj" />
  <Project Path="src/Alarmageddon.Desktop/Alarmageddon.Desktop.csproj" />
  <Project Path="src/Alarmageddon.iOS/Alarmageddon.iOS.csproj">
    <Deploy />
  </Project>
  <Project Path="src/Alarmageddon/Alarmageddon.csproj" />
</Solution>
