
Microsoft Visual Studio Solution File, Format Version 12.00
Project("{FAE04EC0-301F-11D3-BF4B-00C04F79EFBC}") = "Alarmageddon", "Alarmageddon\Alarmageddon.csproj", "{2CD6580C-2EB6-4EA0-B041-433758E71489}"
EndProject
Project("{FAE04EC0-301F-11D3-BF4B-00C04F79EFBC}") = "Alarmageddon.Android", "Alarmageddon.Android\Alarmageddon.Android.csproj", "{DDD3380C-090E-46EE-987B-5B95CE766F12}"
EndProject
Project("{FAE04EC0-301F-11D3-BF4B-00C04F79EFBC}") = "Alarmageddon.Desktop", "Alarmageddon.Desktop\Alarmageddon.Desktop.csproj", "{3C3B8620-8F32-4047-9690-512892CEB901}"
EndProject
Project("{FAE04EC0-301F-11D3-BF4B-00C04F79EFBC}") = "Alarmageddon.iOS", "Alarmageddon.iOS\Alarmageddon.iOS.csproj", "{C98ABB9D-49AB-47F4-8215-B65F8F37BD4B}"
EndProject
Project("{FAE04EC0-301F-11D3-BF4B-00C04F79EFBC}") = "Alarmageddon.Browser", "Alarmageddon.Browser\Alarmageddon.Browser.csproj", "{E9C4A61F-36C5-4BE7-91F1-F80E92967414}"
EndProject
Global
	GlobalSection(SolutionConfigurationPlatforms) = preSolution
		Debug|Any CPU = Debug|Any CPU
		Release|Any CPU = Release|Any CPU
	EndGlobalSection
	GlobalSection(ProjectConfigurationPlatforms) = postSolution
		{2CD6580C-2EB6-4EA0-B041-433758E71489}.Debug|Any CPU.ActiveCfg = Debug|Any CPU
		{2CD6580C-2EB6-4EA0-B041-433758E71489}.Debug|Any CPU.Build.0 = Debug|Any CPU
		{2CD6580C-2EB6-4EA0-B041-433758E71489}.Release|Any CPU.ActiveCfg = Release|Any CPU
		{2CD6580C-2EB6-4EA0-B041-433758E71489}.Release|Any CPU.Build.0 = Release|Any CPU
		{DDD3380C-090E-46EE-987B-5B95CE766F12}.Debug|Any CPU.ActiveCfg = Debug|Any CPU
		{DDD3380C-090E-46EE-987B-5B95CE766F12}.Debug|Any CPU.Build.0 = Debug|Any CPU
		{DDD3380C-090E-46EE-987B-5B95CE766F12}.Debug|Any CPU.Deploy.0 = Debug|Any CPU
		{DDD3380C-090E-46EE-987B-5B95CE766F12}.Release|Any CPU.ActiveCfg = Release|Any CPU
		{DDD3380C-090E-46EE-987B-5B95CE766F12}.Release|Any CPU.Build.0 = Release|Any CPU
		{DDD3380C-090E-46EE-987B-5B95CE766F12}.Release|Any CPU.Deploy.0 = Release|Any CPU
		{3C3B8620-8F32-4047-9690-512892CEB901}.Debug|Any CPU.ActiveCfg = Debug|Any CPU
		{3C3B8620-8F32-4047-9690-512892CEB901}.Debug|Any CPU.Build.0 = Debug|Any CPU
		{3C3B8620-8F32-4047-9690-512892CEB901}.Release|Any CPU.ActiveCfg = Release|Any CPU
		{3C3B8620-8F32-4047-9690-512892CEB901}.Release|Any CPU.Build.0 = Release|Any CPU
		{C98ABB9D-49AB-47F4-8215-B65F8F37BD4B}.Debug|Any CPU.ActiveCfg = Debug|Any CPU
		{C98ABB9D-49AB-47F4-8215-B65F8F37BD4B}.Debug|Any CPU.Build.0 = Debug|Any CPU
		{C98ABB9D-49AB-47F4-8215-B65F8F37BD4B}.Debug|Any CPU.Deploy.0 = Debug|Any CPU
		{C98ABB9D-49AB-47F4-8215-B65F8F37BD4B}.Release|Any CPU.ActiveCfg = Release|Any CPU
		{C98ABB9D-49AB-47F4-8215-B65F8F37BD4B}.Release|Any CPU.Build.0 = Release|Any CPU
		{C98ABB9D-49AB-47F4-8215-B65F8F37BD4B}.Release|Any CPU.Deploy.0 = Release|Any CPU
		{E9C4A61F-36C5-4BE7-91F1-F80E92967414}.Debug|Any CPU.ActiveCfg = Debug|Any CPU
		{E9C4A61F-36C5-4BE7-91F1-F80E92967414}.Debug|Any CPU.Build.0 = Debug|Any CPU
		{E9C4A61F-36C5-4BE7-91F1-F80E92967414}.Release|Any CPU.ActiveCfg = Release|Any CPU
		{E9C4A61F-36C5-4BE7-91F1-F80E92967414}.Release|Any CPU.Build.0 = Release|Any CPU
	EndGlobalSection
EndGlobal
